<?xml version="1.0" encoding="UTF-8" standalone="yes" ?>
<CodeBlocks_project_file>
	<FileVersion major="1" minor="6" />
	<Project>
		<Option title="STM8 LZSA" />
		<Option pch_mode="2" />
		<Option compiler="sdcc" />
		<Build>
			<Target title="Library (Medium)">
				<Option output="lzsa.lib" prefix_auto="0" extension_auto="0" />
				<Option working_dir="" />
				<Option object_output="obj/Library-Medium" />
				<Option type="2" />
				<Option compiler="sdcc" />
				<Option createDefFile="1" />
				<Environment>
					<Variable name="MODEL" value="medium" />
				</Environment>
			</Target>
			<Target title="Library (Large)">
				<Option output="lzsa-large.lib" prefix_auto="0" extension_auto="0" />
				<Option working_dir="" />
				<Option object_output="obj/Library-Large" />
				<Option type="2" />
				<Option compiler="sdcc" />
				<Option createDefFile="1" />
				<Compiler>
					<Add option="--model-large" />
				</Compiler>
				<Environment>
					<Variable name="MODEL" value="large" />
				</Environment>
			</Target>
			<Target title="Test">
				<Option output="bin/Test/test.hex" prefix_auto="0" extension_auto="0" />
				<Option working_dir="" />
				<Option object_output="obj/Test/" />
				<Option external_deps="lzsa-large.lib;" />
				<Option type="5" />
				<Option compiler="sdcc" />
				<Compiler>
					<Add option="--out-fmt-ihx" />
					<Add option="--model-large" />
					<Add option="--debug" />
					<Add option="-DF_CPU=16000000UL" />
				</Compiler>
				<Linker>
					<Add library="lzsa-large.lib" />
				</Linker>
			</Target>
			<Environment>
				<Variable name="MCU" value="STM8S208RB" />
				<Variable name="PORT" value="COM14" />
			</Environment>
		</Build>
		<VirtualTargets>
			<Add alias="All" targets="Library (Medium);Library (Large);Test;" />
		</VirtualTargets>
		<Compiler>
			<Add option="-mstm8" />
			<Add option="--std-c99" />
		</Compiler>
		<Unit filename="lzsa.h" />
		<Unit filename="lzsa1.s">
			<Option compilerVar="CC" />
			<Option compiler="sdcc" use="1" buildCommand='${TARGET_COMPILER_DIR}bin\sdasstm8.exe -ff -w -l -p -o &quot;$object&quot; &quot;lzsa_${MODEL}.s&quot; &quot;$file&quot;' />
			<Option target="Library (Medium)" />
			<Option target="Library (Large)" />
		</Unit>
		<Unit filename="lzsa2.s">
			<Option compilerVar="CC" />
			<Option compiler="sdcc" use="1" buildCommand='${TARGET_COMPILER_DIR}bin\sdasstm8.exe -ff -w -l -p -o &quot;$object&quot; &quot;lzsa_${MODEL}.s&quot; &quot;$file&quot;' />
			<Option target="Library (Medium)" />
			<Option target="Library (Large)" />
		</Unit>
		<Unit filename="lzsa_large.s">
			<Option compilerVar="CC" />
			<Option compile="0" />
			<Option link="0" />
			<Option target="Library (Large)" />
		</Unit>
		<Unit filename="lzsa_medium.s">
			<Option compilerVar="CC" />
			<Option compile="0" />
			<Option link="0" />
			<Option target="Library (Medium)" />
		</Unit>
		<Unit filename="lzsa_ref.c">
			<Option compilerVar="CC" />
			<Option target="Test" />
		</Unit>
		<Unit filename="lzsa_ref.h">
			<Option target="Test" />
		</Unit>
		<Unit filename="main.c">
			<Option compilerVar="CC" />
			<Option target="Test" />
		</Unit>
		<Unit filename="tests.c">
			<Option compilerVar="CC" />
			<Option target="Test" />
		</Unit>
		<Unit filename="tests.h">
			<Option target="Test" />
		</Unit>
		<Unit filename="tests/tests_data.c">
			<Option compilerVar="CC" />
			<Option compile="0" />
			<Option link="0" />
			<Option target="Test" />
		</Unit>
		<Unit filename="uart.c">
			<Option compilerVar="CC" />
			<Option target="Test" />
		</Unit>
		<Unit filename="uart.h">
			<Option target="Test" />
		</Unit>
		<Unit filename="uart_regs.h">
			<Option target="Test" />
		</Unit>
		<Unit filename="ucsim.c">
			<Option compilerVar="CC" />
			<Option target="Test" />
		</Unit>
		<Unit filename="ucsim.h">
			<Option target="Test" />
		</Unit>
		<Extensions>
			<lib_finder disable_auto="1" />
		</Extensions>
	</Project>
</CodeBlocks_project_file>
